
Microsoft Visual Studio Solution File, Format Version 12.00
# Visual Studio 15
VisualStudioVersion = 15.0.27428.2005
MinimumVisualStudioVersion = 10.0.40219.1
Project("{2150E333-8FDC-42A3-9474-1A3956D46DE8}") = "Engine", "Engine", "{60527801-B78E-4C05-B254-28B2591C4AE4}"
EndProject
Project("{2150E333-8FDC-42A3-9474-1A3956D46DE8}") = "Games", "Games", "{D9BF4F37-F6DA-4AC9-83C5-FB6A4F396480}"
EndProject
Project("{8BC9CEB8-8B4A-11D0-8D11-00A0C91BC942}") = "UE4", "Intermediate\ProjectFiles\UE4.vcxproj", "{D464B615-7C41-45BD-8CD3-839FCE78E339}"
EndProject
Project("{8BC9CEB8-8B4A-11D0-8D11-00A0C91BC942}") = "MMMain", "Intermediate\ProjectFiles\MMMain.vcxproj", "{A8EFD114-2C8F-45A0-8C82-2ED90EF8FCDA}"
EndProject
Global
	GlobalSection(SolutionConfigurationPlatforms) = preSolution
		DebugGame Editor|HTML5 = DebugGame Editor|HTML5
		DebugGame Editor|Win32 = DebugGame Editor|Win32
		DebugGame Editor|Win64 = DebugGame Editor|Win64
		DebugGame|HTML5 = DebugGame|HTML5
		DebugGame|Win32 = DebugGame|Win32
		DebugGame|Win64 = DebugGame|Win64
		Development Editor|HTML5 = Development Editor|HTML5
		Development Editor|Win32 = Development Editor|Win32
		Development Editor|Win64 = Development Editor|Win64
		Development|HTML5 = Development|HTML5
		Development|Win32 = Development|Win32
		Development|Win64 = Development|Win64
		Shipping|HTML5 = Shipping|HTML5
		Shipping|Win32 = Shipping|Win32
		Shipping|Win64 = Shipping|Win64
	EndGlobalSection
	GlobalSection(ProjectConfigurationPlatforms) = postSolution
		{D464B615-7C41-45BD-8CD3-839FCE78E339}.DebugGame Editor|HTML5.ActiveCfg = BuiltWithUnrealBuildTool|Win32
		{D464B615-7C41-45BD-8CD3-839FCE78E339}.DebugGame Editor|HTML5.Build.0 = BuiltWithUnrealBuildTool|Win32
		{D464B615-7C41-45BD-8CD3-839FCE78E339}.DebugGame Editor|Win32.ActiveCfg = BuiltWithUnrealBuildTool|Win32
		{D464B615-7C41-45BD-8CD3-839FCE78E339}.DebugGame Editor|Win32.Build.0 = BuiltWithUnrealBuildTool|Win32
		{D464B615-7C41-45BD-8CD3-839FCE78E339}.DebugGame Editor|Win64.ActiveCfg = BuiltWithUnrealBuildTool|Win32
		{D464B615-7C41-45BD-8CD3-839FCE78E339}.DebugGame Editor|Win64.Build.0 = BuiltWithUnrealBuildTool|Win32
		{D464B615-7C41-45BD-8CD3-839FCE78E339}.DebugGame|HTML5.ActiveCfg = BuiltWithUnrealBuildTool|Win32
		{D464B615-7C41-45BD-8CD3-839FCE78E339}.DebugGame|HTML5.Build.0 = BuiltWithUnrealBuildTool|Win32
		{D464B615-7C41-45BD-8CD3-839FCE78E339}.DebugGame|Win32.ActiveCfg = BuiltWithUnrealBuildTool|Win32
		{D464B615-7C41-45BD-8CD3-839FCE78E339}.DebugGame|Win32.Build.0 = BuiltWithUnrealBuildTool|Win32
		{D464B615-7C41-45BD-8CD3-839FCE78E339}.DebugGame|Win64.ActiveCfg = BuiltWithUnrealBuildTool|Win32
		{D464B615-7C41-45BD-8CD3-839FCE78E339}.DebugGame|Win64.Build.0 = BuiltWithUnrealBuildTool|Win32
		{D464B615-7C41-45BD-8CD3-839FCE78E339}.Development Editor|HTML5.ActiveCfg = BuiltWithUnrealBuildTool|Win32
		{D464B615-7C41-45BD-8CD3-839FCE78E339}.Development Editor|HTML5.Build.0 = BuiltWithUnrealBuildTool|Win32
		{D464B615-7C41-45BD-8CD3-839FCE78E339}.Development Editor|Win32.ActiveCfg = BuiltWithUnrealBuildTool|Win32
		{D464B615-7C41-45BD-8CD3-839FCE78E339}.Development Editor|Win32.Build.0 = BuiltWithUnrealBuildTool|Win32
		{D464B615-7C41-45BD-8CD3-839FCE78E339}.Development Editor|Win64.ActiveCfg = BuiltWithUnrealBuildTool|Win32
		{D464B615-7C41-45BD-8CD3-839FCE78E339}.Development Editor|Win64.Build.0 = BuiltWithUnrealBuildTool|Win32
		{D464B615-7C41-45BD-8CD3-839FCE78E339}.Development|HTML5.ActiveCfg = BuiltWithUnrealBuildTool|Win32
		{D464B615-7C41-45BD-8CD3-839FCE78E339}.Development|HTML5.Build.0 = BuiltWithUnrealBuildTool|Win32
		{D464B615-7C41-45BD-8CD3-839FCE78E339}.Development|Win32.ActiveCfg = BuiltWithUnrealBuildTool|Win32
		{D464B615-7C41-45BD-8CD3-839FCE78E339}.Development|Win32.Build.0 = BuiltWithUnrealBuildTool|Win32
		{D464B615-7C41-45BD-8CD3-839FCE78E339}.Development|Win64.ActiveCfg = BuiltWithUnrealBuildTool|Win32
		{D464B615-7C41-45BD-8CD3-839FCE78E339}.Development|Win64.Build.0 = BuiltWithUnrealBuildTool|Win32
		{D464B615-7C41-45BD-8CD3-839FCE78E339}.Shipping|HTML5.ActiveCfg = BuiltWithUnrealBuildTool|Win32
		{D464B615-7C41-45BD-8CD3-839FCE78E339}.Shipping|HTML5.Build.0 = BuiltWithUnrealBuildTool|Win32
		{D464B615-7C41-45BD-8CD3-839FCE78E339}.Shipping|Win32.ActiveCfg = BuiltWithUnrealBuildTool|Win32
		{D464B615-7C41-45BD-8CD3-839FCE78E339}.Shipping|Win32.Build.0 = BuiltWithUnrealBuildTool|Win32
		{D464B615-7C41-45BD-8CD3-839FCE78E339}.Shipping|Win64.ActiveCfg = BuiltWithUnrealBuildTool|Win32
		{D464B615-7C41-45BD-8CD3-839FCE78E339}.Shipping|Win64.Build.0 = BuiltWithUnrealBuildTool|Win32
		{A8EFD114-2C8F-45A0-8C82-2ED90EF8FCDA}.DebugGame Editor|HTML5.ActiveCfg = HTML5_DebugGame_Editor|Win32
		{A8EFD114-2C8F-45A0-8C82-2ED90EF8FCDA}.DebugGame Editor|Win32.ActiveCfg = DebugGame_Editor|Win32
		{A8EFD114-2C8F-45A0-8C82-2ED90EF8FCDA}.DebugGame Editor|Win64.ActiveCfg = DebugGame_Editor|x64
		{A8EFD114-2C8F-45A0-8C82-2ED90EF8FCDA}.DebugGame Editor|Win64.Build.0 = DebugGame_Editor|x64
		{A8EFD114-2C8F-45A0-8C82-2ED90EF8FCDA}.DebugGame|HTML5.ActiveCfg = HTML5_DebugGame_Game|Win32
		{A8EFD114-2C8F-45A0-8C82-2ED90EF8FCDA}.DebugGame|HTML5.Build.0 = HTML5_DebugGame_Game|Win32
		{A8EFD114-2C8F-45A0-8C82-2ED90EF8FCDA}.DebugGame|Win32.ActiveCfg = DebugGame_Game|Win32
		{A8EFD114-2C8F-45A0-8C82-2ED90EF8FCDA}.DebugGame|Win32.Build.0 = DebugGame_Game|Win32
		{A8EFD114-2C8F-45A0-8C82-2ED90EF8FCDA}.DebugGame|Win64.ActiveCfg = DebugGame_Game|x64
		{A8EFD114-2C8F-45A0-8C82-2ED90EF8FCDA}.DebugGame|Win64.Build.0 = DebugGame_Game|x64
		{A8EFD114-2C8F-45A0-8C82-2ED90EF8FCDA}.Development Editor|HTML5.ActiveCfg = HTML5_Development_Editor|Win32
		{A8EFD114-2C8F-45A0-8C82-2ED90EF8FCDA}.Development Editor|Win32.ActiveCfg = Development_Editor|Win32
		{A8EFD114-2C8F-45A0-8C82-2ED90EF8FCDA}.Development Editor|Win64.ActiveCfg = Development_Editor|x64
		{A8EFD114-2C8F-45A0-8C82-2ED90EF8FCDA}.Development Editor|Win64.Build.0 = Development_Editor|x64
		{A8EFD114-2C8F-45A0-8C82-2ED90EF8FCDA}.Development|HTML5.ActiveCfg = HTML5_Development_Game|Win32
		{A8EFD114-2C8F-45A0-8C82-2ED90EF8FCDA}.Development|HTML5.Build.0 = HTML5_Development_Game|Win32
		{A8EFD114-2C8F-45A0-8C82-2ED90EF8FCDA}.Development|Win32.ActiveCfg = Development_Game|Win32
		{A8EFD114-2C8F-45A0-8C82-2ED90EF8FCDA}.Development|Win32.Build.0 = Development_Game|Win32
		{A8EFD114-2C8F-45A0-8C82-2ED90EF8FCDA}.Development|Win64.ActiveCfg = Development_Game|x64
		{A8EFD114-2C8F-45A0-8C82-2ED90EF8FCDA}.Development|Win64.Build.0 = Development_Game|x64
		{A8EFD114-2C8F-45A0-8C82-2ED90EF8FCDA}.Shipping|HTML5.ActiveCfg = HTML5_Shipping_Game|Win32
		{A8EFD114-2C8F-45A0-8C82-2ED90EF8FCDA}.Shipping|HTML5.Build.0 = HTML5_Shipping_Game|Win32
		{A8EFD114-2C8F-45A0-8C82-2ED90EF8FCDA}.Shipping|Win32.ActiveCfg = Shipping_Game|Win32
		{A8EFD114-2C8F-45A0-8C82-2ED90EF8FCDA}.Shipping|Win32.Build.0 = Shipping_Game|Win32
		{A8EFD114-2C8F-45A0-8C82-2ED90EF8FCDA}.Shipping|Win64.ActiveCfg = Shipping_Game|x64
		{A8EFD114-2C8F-45A0-8C82-2ED90EF8FCDA}.Shipping|Win64.Build.0 = Shipping_Game|x64
	EndGlobalSection
	GlobalSection(SolutionProperties) = preSolution
		HideSolutionNode = FALSE
	EndGlobalSection
	GlobalSection(NestedProjects) = preSolution
		{D464B615-7C41-45BD-8CD3-839FCE78E339} = {60527801-B78E-4C05-B254-28B2591C4AE4}
		{A8EFD114-2C8F-45A0-8C82-2ED90EF8FCDA} = {D9BF4F37-F6DA-4AC9-83C5-FB6A4F396480}
	EndGlobalSection
	GlobalSection(ExtensibilityGlobals) = postSolution
		SolutionGuid = {068CFEB4-5CB3-4AD8-A557-A106C9D57A18}
	EndGlobalSection
EndGlobal
